
Microsoft Visual Studio Solution File, Format Version 12.00
# Visual Studio Version 17
VisualStudioVersion = 17.14.36221.1 d17.14
MinimumVisualStudioVersion = 10.0.40219.1
Project("{FAE04EC0-301F-11D3-BF4B-00C04F79EFBC}") = "eDrive", "eDrive\eDrive.csproj", "{8271267F-D5E1-4DCD-B678-16032A928155}"
EndProject
Global
	GlobalSection(SolutionConfigurationPlatforms) = preSolution
		Debug|Any CPU = Debug|Any CPU
		Release|Any CPU = Release|Any CPU
	EndGlobalSection
	GlobalSection(ProjectConfigurationPlatforms) = postSolution
		{8271267F-D5E1-4DCD-B678-16032A928155}.Debug|Any CPU.ActiveCfg = Debug|Any CPU
		{8271267F-D5E1-4DCD-B678-16032A928155}.Debug|Any CPU.Build.0 = Debug|Any CPU
		{8271267F-D5E1-4DCD-B678-16032A928155}.Release|Any CPU.ActiveCfg = Release|Any CPU
		{8271267F-D5E1-4DCD-B678-16032A928155}.Release|Any CPU.Build.0 = Release|Any CPU
	EndGlobalSection
	GlobalSection(SolutionProperties) = preSolution
		HideSolutionNode = FALSE
	EndGlobalSection
	GlobalSection(ExtensibilityGlobals) = postSolution
		SolutionGuid = {332B8296-46CB-4176-A7B7-2302975B73A5}
	EndGlobalSection
EndGlobal
